
Microsoft Visual Studio Solution File, Format Version 12.00
# Visual Studio Version 17
VisualStudioVersion = 17.11.35222.181
MinimumVisualStudioVersion = 10.0.40219.1
Project("{9A19103F-16F7-4668-BE54-9A1E7A4F7556}") = "ArtemisBanking.Domain", "ArtemisBanking.Domain\ArtemisBanking.Domain.csproj", "{2CC52E7F-9482-417C-A04C-4F563A9C830D}"
EndProject
Project("{9A19103F-16F7-4668-BE54-9A1E7A4F7556}") = "ArtemisBanking.Application", "ArtemisBanking.Application\ArtemisBanking.Application.csproj", "{36CF3354-B407-4259-A483-3748E5CAC36B}"
EndProject
Project("{9A19103F-16F7-4668-BE54-9A1E7A4F7556}") = "ArtemisBanking.Infraestructure.Identity", "ArtemisBanking.Infraestructure.Identity\ArtemisBanking.Infraestructure.Identity.csproj", "{2984988E-5B25-4FFF-8176-55874F126AFC}"
EndProject
Project("{9A19103F-16F7-4668-BE54-9A1E7A4F7556}") = "ArtemisBanking.Infraestructure.Persistence", "ArtemisBanking.Infraestructure.Persistence\ArtemisBanking.Infraestructure.Persistence.csproj", "{52C711FD-F250-4E58-AECB-B7739985CD96}"
EndProject
Project("{9A19103F-16F7-4668-BE54-9A1E7A4F7556}") = "ArtemisBanking.Infrastructure.Shared", "ArtemisBanking.Infrastructure.Shared\ArtemisBanking.Infrastructure.Shared.csproj", "{8766E9E1-6139-495D-B010-68ED1FF91476}"
EndProject
Project("{9A19103F-16F7-4668-BE54-9A1E7A4F7556}") = "ArtemisBanking.WebApp", "ArtemisBanking.WebApp\ArtemisBanking.WebApp.csproj", "{628272E8-5BF1-4EDB-A106-62398622DD76}"
EndProject
Project("{9A19103F-16F7-4668-BE54-9A1E7A4F7556}") = "ArtemisBanking.Api", "ArtemisBanking.Api\ArtemisBanking.Api.csproj", "{1CEABEFA-0173-40F5-96E4-E1D9145FE116}"
EndProject
Project("{2150E333-8FDC-42A3-9474-1A3956D46DE8}") = "Presentation", "Presentation", "{2C4C3243-F1C0-4391-B73D-1153671CDAD5}"
EndProject
Project("{2150E333-8FDC-42A3-9474-1A3956D46DE8}") = "WebApi", "WebApi", "{416C10FA-45BE-4C55-91C6-5D69A84ACA46}"
EndProject
Project("{2150E333-8FDC-42A3-9474-1A3956D46DE8}") = "WebApp", "WebApp", "{536D8408-78CD-4D80-847A-18D79083E4A4}"
EndProject
Project("{2150E333-8FDC-42A3-9474-1A3956D46DE8}") = "Source", "Source", "{FB36006E-7093-4273-B7C4-DC48DAE515B5}"
EndProject
Project("{2150E333-8FDC-42A3-9474-1A3956D46DE8}") = "Core", "Core", "{6564E908-F9CB-48F2-813B-AF91D4E51929}"
EndProject
Project("{2150E333-8FDC-42A3-9474-1A3956D46DE8}") = "Infrastructure", "Infrastructure", "{F13FA5D0-7E2A-47AB-A800-F0F2AF13D255}"
EndProject
Project("{2150E333-8FDC-42A3-9474-1A3956D46DE8}") = "Azure Functions", "Azure Functions", "{864DB6CA-1049-4D85-B199-9481BBFD9EDC}"
EndProject
Project("{9A19103F-16F7-4668-BE54-9A1E7A4F7556}") = "ArtemisBank.CuotasJob", "ArtemisBank.CuotasJob\ArtemisBank.CuotasJob.csproj", "{1C0E50F4-2BEC-40E7-80DA-C4EC834C5C11}"
EndProject
Project("{2150E333-8FDC-42A3-9474-1A3956D46DE8}") = "Test", "Test", "{2D94A379-5B61-4186-BDF9-4A540ADF01BC}"
EndProject
Project("{9A19103F-16F7-4668-BE54-9A1E7A4F7556}") = "ArtemisBanking.Integration.Tests", "ArtemisBanking.Integration.Tests\ArtemisBanking.Integration.Tests.csproj", "{E7D96A45-87A7-42F7-8D4C-D49711178D9E}"
EndProject
Project("{FAE04EC0-301F-11D3-BF4B-00C04F79EFBC}") = "ArtemisBanking.Unit.Tests", "ArtemisBanking.Unit.Tests\ArtemisBanking.Unit.Tests.csproj", "{CE8D0A35-5676-49A7-8787-D2E074F2E4C6}"
EndProject
Global
	GlobalSection(SolutionConfigurationPlatforms) = preSolution
		Debug|Any CPU = Debug|Any CPU
		Release|Any CPU = Release|Any CPU
	EndGlobalSection
	GlobalSection(ProjectConfigurationPlatforms) = postSolution
		{2CC52E7F-9482-417C-A04C-4F563A9C830D}.Debug|Any CPU.ActiveCfg = Debug|Any CPU
		{2CC52E7F-9482-417C-A04C-4F563A9C830D}.Debug|Any CPU.Build.0 = Debug|Any CPU
		{2CC52E7F-9482-417C-A04C-4F563A9C830D}.Release|Any CPU.ActiveCfg = Release|Any CPU
		{2CC52E7F-9482-417C-A04C-4F563A9C830D}.Release|Any CPU.Build.0 = Release|Any CPU
		{36CF3354-B407-4259-A483-3748E5CAC36B}.Debug|Any CPU.ActiveCfg = Debug|Any CPU
		{36CF3354-B407-4259-A483-3748E5CAC36B}.Debug|Any CPU.Build.0 = Debug|Any CPU
		{36CF3354-B407-4259-A483-3748E5CAC36B}.Release|Any CPU.ActiveCfg = Release|Any CPU
		{36CF3354-B407-4259-A483-3748E5CAC36B}.Release|Any CPU.Build.0 = Release|Any CPU
		{2984988E-5B25-4FFF-8176-55874F126AFC}.Debug|Any CPU.ActiveCfg = Debug|Any CPU
		{2984988E-5B25-4FFF-8176-55874F126AFC}.Debug|Any CPU.Build.0 = Debug|Any CPU
		{2984988E-5B25-4FFF-8176-55874F126AFC}.Release|Any CPU.ActiveCfg = Release|Any CPU
		{2984988E-5B25-4FFF-8176-55874F126AFC}.Release|Any CPU.Build.0 = Release|Any CPU
		{52C711FD-F250-4E58-AECB-B7739985CD96}.Debug|Any CPU.ActiveCfg = Debug|Any CPU
		{52C711FD-F250-4E58-AECB-B7739985CD96}.Debug|Any CPU.Build.0 = Debug|Any CPU
		{52C711FD-F250-4E58-AECB-B7739985CD96}.Release|Any CPU.ActiveCfg = Release|Any CPU
		{52C711FD-F250-4E58-AECB-B7739985CD96}.Release|Any CPU.Build.0 = Release|Any CPU
		{8766E9E1-6139-495D-B010-68ED1FF91476}.Debug|Any CPU.ActiveCfg = Debug|Any CPU
		{8766E9E1-6139-495D-B010-68ED1FF91476}.Debug|Any CPU.Build.0 = Debug|Any CPU
		{8766E9E1-6139-495D-B010-68ED1FF91476}.Release|Any CPU.ActiveCfg = Release|Any CPU
		{8766E9E1-6139-495D-B010-68ED1FF91476}.Release|Any CPU.Build.0 = Release|Any CPU
		{628272E8-5BF1-4EDB-A106-62398622DD76}.Debug|Any CPU.ActiveCfg = Debug|Any CPU
		{628272E8-5BF1-4EDB-A106-62398622DD76}.Debug|Any CPU.Build.0 = Debug|Any CPU
		{628272E8-5BF1-4EDB-A106-62398622DD76}.Release|Any CPU.ActiveCfg = Release|Any CPU
		{628272E8-5BF1-4EDB-A106-62398622DD76}.Release|Any CPU.Build.0 = Release|Any CPU
		{1CEABEFA-0173-40F5-96E4-E1D9145FE116}.Debug|Any CPU.ActiveCfg = Debug|Any CPU
		{1CEABEFA-0173-40F5-96E4-E1D9145FE116}.Debug|Any CPU.Build.0 = Debug|Any CPU
		{1CEABEFA-0173-40F5-96E4-E1D9145FE116}.Release|Any CPU.ActiveCfg = Release|Any CPU
		{1CEABEFA-0173-40F5-96E4-E1D9145FE116}.Release|Any CPU.Build.0 = Release|Any CPU
		{1C0E50F4-2BEC-40E7-80DA-C4EC834C5C11}.Debug|Any CPU.ActiveCfg = Debug|Any CPU
		{1C0E50F4-2BEC-40E7-80DA-C4EC834C5C11}.Debug|Any CPU.Build.0 = Debug|Any CPU
		{1C0E50F4-2BEC-40E7-80DA-C4EC834C5C11}.Release|Any CPU.ActiveCfg = Release|Any CPU
		{1C0E50F4-2BEC-40E7-80DA-C4EC834C5C11}.Release|Any CPU.Build.0 = Release|Any CPU
		{E7D96A45-87A7-42F7-8D4C-D49711178D9E}.Debug|Any CPU.ActiveCfg = Debug|Any CPU
		{E7D96A45-87A7-42F7-8D4C-D49711178D9E}.Debug|Any CPU.Build.0 = Debug|Any CPU
		{E7D96A45-87A7-42F7-8D4C-D49711178D9E}.Release|Any CPU.ActiveCfg = Release|Any CPU
		{E7D96A45-87A7-42F7-8D4C-D49711178D9E}.Release|Any CPU.Build.0 = Release|Any CPU
		{CE8D0A35-5676-49A7-8787-D2E074F2E4C6}.Debug|Any CPU.ActiveCfg = Debug|Any CPU
		{CE8D0A35-5676-49A7-8787-D2E074F2E4C6}.Debug|Any CPU.Build.0 = Debug|Any CPU
		{CE8D0A35-5676-49A7-8787-D2E074F2E4C6}.Release|Any CPU.ActiveCfg = Release|Any CPU
		{CE8D0A35-5676-49A7-8787-D2E074F2E4C6}.Release|Any CPU.Build.0 = Release|Any CPU
	EndGlobalSection
	GlobalSection(SolutionProperties) = preSolution
		HideSolutionNode = FALSE
	EndGlobalSection
	GlobalSection(NestedProjects) = preSolution
		{2CC52E7F-9482-417C-A04C-4F563A9C830D} = {6564E908-F9CB-48F2-813B-AF91D4E51929}
		{36CF3354-B407-4259-A483-3748E5CAC36B} = {6564E908-F9CB-48F2-813B-AF91D4E51929}
		{2984988E-5B25-4FFF-8176-55874F126AFC} = {F13FA5D0-7E2A-47AB-A800-F0F2AF13D255}
		{52C711FD-F250-4E58-AECB-B7739985CD96} = {F13FA5D0-7E2A-47AB-A800-F0F2AF13D255}
		{8766E9E1-6139-495D-B010-68ED1FF91476} = {F13FA5D0-7E2A-47AB-A800-F0F2AF13D255}
		{628272E8-5BF1-4EDB-A106-62398622DD76} = {536D8408-78CD-4D80-847A-18D79083E4A4}
		{1CEABEFA-0173-40F5-96E4-E1D9145FE116} = {416C10FA-45BE-4C55-91C6-5D69A84ACA46}
		{2C4C3243-F1C0-4391-B73D-1153671CDAD5} = {FB36006E-7093-4273-B7C4-DC48DAE515B5}
		{416C10FA-45BE-4C55-91C6-5D69A84ACA46} = {2C4C3243-F1C0-4391-B73D-1153671CDAD5}
		{536D8408-78CD-4D80-847A-18D79083E4A4} = {2C4C3243-F1C0-4391-B73D-1153671CDAD5}
		{6564E908-F9CB-48F2-813B-AF91D4E51929} = {FB36006E-7093-4273-B7C4-DC48DAE515B5}
		{F13FA5D0-7E2A-47AB-A800-F0F2AF13D255} = {FB36006E-7093-4273-B7C4-DC48DAE515B5}
		{864DB6CA-1049-4D85-B199-9481BBFD9EDC} = {2C4C3243-F1C0-4391-B73D-1153671CDAD5}
		{1C0E50F4-2BEC-40E7-80DA-C4EC834C5C11} = {864DB6CA-1049-4D85-B199-9481BBFD9EDC}
		{2D94A379-5B61-4186-BDF9-4A540ADF01BC} = {FB36006E-7093-4273-B7C4-DC48DAE515B5}
		{E7D96A45-87A7-42F7-8D4C-D49711178D9E} = {2D94A379-5B61-4186-BDF9-4A540ADF01BC}
		{CE8D0A35-5676-49A7-8787-D2E074F2E4C6} = {2D94A379-5B61-4186-BDF9-4A540ADF01BC}
	EndGlobalSection
	GlobalSection(ExtensibilityGlobals) = postSolution
		SolutionGuid = {C2921FFA-7BD0-49B2-99F5-9F5F2BC012C8}
	EndGlobalSection
EndGlobal
